<Solution>
  <Folder Name="/src/">
    <Project Path="src/KudosApp.Api/KudosApp.Api.csproj" />
    <Project Path="src/KudosApp.Application/KudosApp.Application.csproj" />
    <Project Path="src/KudosApp.Domain/KudosApp.Domain.csproj" />
    <Project Path="src/KudosApp.Infrastructure/KudosApp.Infrastructure.csproj" />
  </Folder>
</Solution>
